
Microsoft Visual Studio Solution File, Format Version 12.00
# Visual Studio Version 16
VisualStudioVersion = 16.0.31410.357
MinimumVisualStudioVersion = 10.0.40219.1
Project("{FAE04EC0-301F-11D3-BF4B-00C04F79EFBC}") = "IndianCensusAnalyserProblem", "IndianCensusAnalyserProblem\IndianCensusAnalyserProblem.csproj", "{786356DE-F67B-4175-9865-E3DB4074840F}"
EndProject
Global
	GlobalSection(SolutionConfigurationPlatforms) = preSolution
		Debug|Any CPU = Debug|Any CPU
		Release|Any CPU = Release|Any CPU
	EndGlobalSection
	GlobalSection(ProjectConfigurationPlatforms) = postSolution
		{786356DE-F67B-4175-9865-E3DB4074840F}.Debug|Any CPU.ActiveCfg = Debug|Any CPU
		{786356DE-F67B-4175-9865-E3DB4074840F}.Debug|Any CPU.Build.0 = Debug|Any CPU
		{786356DE-F67B-4175-9865-E3DB4074840F}.Release|Any CPU.ActiveCfg = Release|Any CPU
		{786356DE-F67B-4175-9865-E3DB4074840F}.Release|Any CPU.Build.0 = Release|Any CPU
	EndGlobalSection
	GlobalSection(SolutionProperties) = preSolution
		HideSolutionNode = FALSE
	EndGlobalSection
	GlobalSection(ExtensibilityGlobals) = postSolution
		SolutionGuid = {D34F2B7E-54C3-4307-B0FF-2CC1C3C03B45}
	EndGlobalSection
EndGlobal
